// !$*UTF8*$!
{
	archiveVersion = 1;
	classes = {
	};
	objectVersion = 46;
	objects = {

/* Begin PBXBuildFile section */
		A34A1E6B1EDEF05600E96FE7 /* RealmManagement.swift in Sources */ = {isa = PBXBuildFile; fileRef = A34A1E6A1EDEF05600E96FE7 /* RealmManagement.swift */; };
		A37E80171EC5EF12003F1781 /* AppDelegate.swift in Sources */ = {isa = PBXBuildFile; fileRef = A37E80161EC5EF12003F1781 /* AppDelegate.swift */; };
		A37E80191EC5EF12003F1781 /* ViewController.swift in Sources */ = {isa = PBXBuildFile; fileRef = A37E80181EC5EF12003F1781 /* ViewController.swift */; };
		A37E801C1EC5EF12003F1781 /* Main.storyboard in Resources */ = {isa = PBXBuildFile; fileRef = A37E801A1EC5EF12003F1781 /* Main.storyboard */; };
		A37E801E1EC5EF12003F1781 /* Assets.xcassets in Resources */ = {isa = PBXBuildFile; fileRef = A37E801D1EC5EF12003F1781 /* Assets.xcassets */; };
		A37E80211EC5EF12003F1781 /* LaunchScreen.storyboard in Resources */ = {isa = PBXBuildFile; fileRef = A37E801F1EC5EF12003F1781 /* LaunchScreen.storyboard */; };
		A37E80291EC5FB6E003F1781 /* RestConsumction.swift in Sources */ = {isa = PBXBuildFile; fileRef = A37E80281EC5FB6E003F1781 /* RestConsumction.swift */; };
		A37E802B1EC5FC8F003F1781 /* GraveModel.swift in Sources */ = {isa = PBXBuildFile; fileRef = A37E802A1EC5FC8F003F1781 /* GraveModel.swift */; };
		A37E80301EC62BFF003F1781 /* GraveTableViewCell.swift in Sources */ = {isa = PBXBuildFile; fileRef = A37E802E1EC62BFF003F1781 /* GraveTableViewCell.swift */; };
		A37E80331EC63ABA003F1781 /* GraveDetailsViewController.swift in Sources */ = {isa = PBXBuildFile; fileRef = A37E80321EC63ABA003F1781 /* GraveDetailsViewController.swift */; };
		A3A9296A1EE804A0001000D8 /* Localizable.strings in Resources */ = {isa = PBXBuildFile; fileRef = A3A9296C1EE804A0001000D8 /* Localizable.strings */; };
		E72FBD00D717258A30B84B5B /* Pods_Groby_Poznanskie_API.framework in Frameworks */ = {isa = PBXBuildFile; fileRef = 15B50E78878D83753BFEA093 /* Pods_Groby_Poznanskie_API.framework */; };
/* End PBXBuildFile section */

/* Begin PBXFileReference section */
		15B50E78878D83753BFEA093 /* Pods_Groby_Poznanskie_API.framework */ = {isa = PBXFileReference; explicitFileType = wrapper.framework; includeInIndex = 0; path = Pods_Groby_Poznanskie_API.framework; sourceTree = BUILT_PRODUCTS_DIR; };
		6995A4A45BC1FA41F459B0DB /* Pods-Groby Poznanskie API.debug.xcconfig */ = {isa = PBXFileReference; includeInIndex = 1; lastKnownFileType = text.xcconfig; name = "Pods-Groby Poznanskie API.debug.xcconfig"; path = "Pods/Target Support Files/Pods-Groby Poznanskie API/Pods-Groby Poznanskie API.debug.xcconfig"; sourceTree = "<group>"; };
		A34A1E6A1EDEF05600E96FE7 /* RealmManagement.swift */ = {isa = PBXFileReference; fileEncoding = 4; lastKnownFileType = sourcecode.swift; path = RealmManagement.swift; sourceTree = "<group>"; };
		A37E80131EC5EF12003F1781 /* Groby Poznanskie API.app */ = {isa = PBXFileReference; explicitFileType = wrapper.application; includeInIndex = 0; path = "Groby Poznanskie API.app"; sourceTree = BUILT_PRODUCTS_DIR; };
		A37E80161EC5EF12003F1781 /* AppDelegate.swift */ = {isa = PBXFileReference; lastKnownFileType = sourcecode.swift; path = AppDelegate.swift; sourceTree = "<group>"; };
		A37E80181EC5EF12003F1781 /* ViewController.swift */ = {isa = PBXFileReference; lastKnownFileType = sourcecode.swift; path = ViewController.swift; sourceTree = "<group>"; };
		A37E801B1EC5EF12003F1781 /* Base */ = {isa = PBXFileReference; lastKnownFileType = file.storyboard; name = Base; path = Base.lproj/Main.storyboard; sourceTree = "<group>"; };
		A37E801D1EC5EF12003F1781 /* Assets.xcassets */ = {isa = PBXFileReference; lastKnownFileType = folder.assetcatalog; path = Assets.xcassets; sourceTree = "<group>"; };
		A37E80201EC5EF12003F1781 /* Base */ = {isa = PBXFileReference; lastKnownFileType = file.storyboard; name = Base; path = Base.lproj/LaunchScreen.storyboard; sourceTree = "<group>"; };
		A37E80281EC5FB6E003F1781 /* RestConsumction.swift */ = {isa = PBXFileReference; fileEncoding = 4; lastKnownFileType = sourcecode.swift; path = RestConsumction.swift; sourceTree = "<group>"; };
		A37E802A1EC5FC8F003F1781 /* GraveModel.swift */ = {isa = PBXFileReference; fileEncoding = 4; lastKnownFileType = sourcecode.swift; path = GraveModel.swift; sourceTree = "<group>"; };
		A37E802E1EC62BFF003F1781 /* GraveTableViewCell.swift */ = {isa = PBXFileReference; fileEncoding = 4; lastKnownFileType = sourcecode.swift; path = GraveTableViewCell.swift; sourceTree = "<group>"; };
		A37E80321EC63ABA003F1781 /* GraveDetailsViewController.swift */ = {isa = PBXFileReference; fileEncoding = 4; lastKnownFileType = sourcecode.swift; path = GraveDetailsViewController.swift; sourceTree = "<group>"; };
		A3A929681EE80422001000D8 /* pl */ = {isa = PBXFileReference; lastKnownFileType = text.plist.strings; name = pl; path = pl.lproj/Main.strings; sourceTree = "<group>"; };
		A3A929691EE80422001000D8 /* pl */ = {isa = PBXFileReference; lastKnownFileType = text.plist.strings; name = pl; path = pl.lproj/LaunchScreen.strings; sourceTree = "<group>"; };
		A3A9296B1EE804A0001000D8 /* pl */ = {isa = PBXFileReference; lastKnownFileType = text.plist.strings; name = pl; path = pl.lproj/Localizable.strings; sourceTree = "<group>"; };
		A3A9296E1EE804C2001000D8 /* Base */ = {isa = PBXFileReference; lastKnownFileType = text.plist.strings; name = Base; path = Base.lproj/Localizable.strings; sourceTree = "<group>"; };
		A3A929711EE80C1B001000D8 /* Base */ = {isa = PBXFileReference; lastKnownFileType = text.plist.xml; name = Base; path = Base.lproj/Info.plist; sourceTree = "<group>"; };
		CB2B18A459D5B7601BC018F1 /* Pods-Groby Poznanskie API.release.xcconfig */ = {isa = PBXFileReference; includeInIndex = 1; lastKnownFileType = text.xcconfig; name = "Pods-Groby Poznanskie API.release.xcconfig"; path = "Pods/Target Support Files/Pods-Groby Poznanskie API/Pods-Groby Poznanskie API.release.xcconfig"; sourceTree = "<group>"; };
/* End PBXFileReference section */

/* Begin PBXFrameworksBuildPhase section */
		A37E80101EC5EF12003F1781 /* Frameworks */ = {
			isa = PBXFrameworksBuildPhase;
			buildActionMask = 2147483647;
			files = (
				E72FBD00D717258A30B84B5B /* Pods_Groby_Poznanskie_API.framework in Frameworks */,
			);
			runOnlyForDeploymentPostprocessing = 0;
		};
/* End PBXFrameworksBuildPhase section */

/* Begin PBXGroup section */
		7D1D02A5E9A7DAB1F40E54CB /* Pods */ = {
			isa = PBXGroup;
			children = (
				6995A4A45BC1FA41F459B0DB /* Pods-Groby Poznanskie API.debug.xcconfig */,
				CB2B18A459D5B7601BC018F1 /* Pods-Groby Poznanskie API.release.xcconfig */,
			);
			name = Pods;
			sourceTree = "<group>";
		};
		A37E800A1EC5EF12003F1781 = {
			isa = PBXGroup;
			children = (
				A37E80151EC5EF12003F1781 /* Groby Poznanskie API */,
				A37E80141EC5EF12003F1781 /* Products */,
				7D1D02A5E9A7DAB1F40E54CB /* Pods */,
				ECDC44BAD926015FD0E4CA2D /* Frameworks */,
			);
			sourceTree = "<group>";
		};
		A37E80141EC5EF12003F1781 /* Products */ = {
			isa = PBXGroup;
			children = (
				A37E80131EC5EF12003F1781 /* Groby Poznanskie API.app */,
			);
			name = Products;
			sourceTree = "<group>";
		};
		A37E80151EC5EF12003F1781 /* Groby Poznanskie API */ = {
			isa = PBXGroup;
			children = (
				A37E80281EC5FB6E003F1781 /* RestConsumction.swift */,
				A37E80161EC5EF12003F1781 /* AppDelegate.swift */,
				A37E80181EC5EF12003F1781 /* ViewController.swift */,
				A37E801A1EC5EF12003F1781 /* Main.storyboard */,
				A3A9296C1EE804A0001000D8 /* Localizable.strings */,
				A37E80321EC63ABA003F1781 /* GraveDetailsViewController.swift */,
				A37E801D1EC5EF12003F1781 /* Assets.xcassets */,
				A37E801F1EC5EF12003F1781 /* LaunchScreen.storyboard */,
				A37E802E1EC62BFF003F1781 /* GraveTableViewCell.swift */,
				A3A929721EE80C1B001000D8 /* Info.plist */,
				A37E802A1EC5FC8F003F1781 /* GraveModel.swift */,
				A34A1E6A1EDEF05600E96FE7 /* RealmManagement.swift */,
			);
			path = "Groby Poznanskie API";
			sourceTree = "<group>";
		};
		ECDC44BAD926015FD0E4CA2D /* Frameworks */ = {
			isa = PBXGroup;
			children = (
				15B50E78878D83753BFEA093 /* Pods_Groby_Poznanskie_API.framework */,
			);
			name = Frameworks;
			sourceTree = "<group>";
		};
/* End PBXGroup section */

/* Begin PBXNativeTarget section */
		A37E80121EC5EF12003F1781 /* Groby Poznanskie API */ = {
			isa = PBXNativeTarget;
			buildConfigurationList = A37E80251EC5EF12003F1781 /* Build configuration list for PBXNativeTarget "Groby Poznanskie API" */;
			buildPhases = (
				8A5E1622B0971EBF4D4441C0 /* [CP] Check Pods Manifest.lock */,
				A37E800F1EC5EF12003F1781 /* Sources */,
				A37E80101EC5EF12003F1781 /* Frameworks */,
				A37E80111EC5EF12003F1781 /* Resources */,
				C5E8D4F3A4E2CDD254916066 /* [CP] Embed Pods Frameworks */,
				95F60FCBDCB221B751BF0927 /* [CP] Copy Pods Resources */,
			);
			buildRules = (
			);
			dependencies = (
			);
			name = "Groby Poznanskie API";
			productName = "Groby Poznanskie API";
			productReference = A37E80131EC5EF12003F1781 /* Groby Poznanskie API.app */;
			productType = "com.apple.product-type.application";
		};
/* End PBXNativeTarget section */

/* Begin PBXProject section */
		A37E800B1EC5EF12003F1781 /* Project object */ = {
			isa = PBXProject;
			attributes = {
				LastSwiftUpdateCheck = 0820;
				LastUpgradeCheck = 0820;
				ORGANIZATIONNAME = karolmajka;
				TargetAttributes = {
					A37E80121EC5EF12003F1781 = {
						CreatedOnToolsVersion = 8.2.1;
						DevelopmentTeam = 7KM42EHCAN;
						ProvisioningStyle = Automatic;
					};
				};
			};
			buildConfigurationList = A37E800E1EC5EF12003F1781 /* Build configuration list for PBXProject "Groby Poznanskie API" */;
			compatibilityVersion = "Xcode 3.2";
			developmentRegion = English;
			hasScannedForEncodings = 0;
			knownRegions = (
				en,
				Base,
				pl,
			);
			mainGroup = A37E800A1EC5EF12003F1781;
			productRefGroup = A37E80141EC5EF12003F1781 /* Products */;
			projectDirPath = "";
			projectRoot = "";
			targets = (
				A37E80121EC5EF12003F1781 /* Groby Poznanskie API */,
			);
		};
/* End PBXProject section */

/* Begin PBXResourcesBuildPhase section */
		A37E80111EC5EF12003F1781 /* Resources */ = {
			isa = PBXResourcesBuildPhase;
			buildActionMask = 2147483647;
			files = (
				A3A9296A1EE804A0001000D8 /* Localizable.strings in Resources */,
				A37E80211EC5EF12003F1781 /* LaunchScreen.storyboard in Resources */,
				A37E801E1EC5EF12003F1781 /* Assets.xcassets in Resources */,
				A37E801C1EC5EF12003F1781 /* Main.storyboard in Resources */,
			);
			runOnlyForDeploymentPostprocessing = 0;
		};
/* End PBXResourcesBuildPhase section */

/* Begin PBXShellScriptBuildPhase section */
		8A5E1622B0971EBF4D4441C0 /* [CP] Check Pods Manifest.lock */ = {
			isa = PBXShellScriptBuildPhase;
			buildActionMask = 2147483647;
			files = (
			);
			inputPaths = (
			);
			name = "[CP] Check Pods Manifest.lock";
			outputPaths = (
			);
			runOnlyForDeploymentPostprocessing = 0;
			shellPath = /bin/sh;
			shellScript = "diff \"${PODS_ROOT}/../Podfile.lock\" \"${PODS_ROOT}/Manifest.lock\" > /dev/null\nif [ $? != 0 ] ; then\n    # print error to STDERR\n    echo \"error: The sandbox is not in sync with the Podfile.lock. Run 'pod install' or update your CocoaPods installation.\" >&2\n    exit 1\nfi\n";
			showEnvVarsInLog = 0;
		};
		95F60FCBDCB221B751BF0927 /* [CP] Copy Pods Resources */ = {
			isa = PBXShellScriptBuildPhase;
			buildActionMask = 2147483647;
			files = (
			);
			inputPaths = (
			);
			name = "[CP] Copy Pods Resources";
			outputPaths = (
			);
			runOnlyForDeploymentPostprocessing = 0;
			shellPath = /bin/sh;
			shellScript = "\"${SRCROOT}/Pods/Target Support Files/Pods-Groby Poznanskie API/Pods-Groby Poznanskie API-resources.sh\"\n";
			showEnvVarsInLog = 0;
		};
		C5E8D4F3A4E2CDD254916066 /* [CP] Embed Pods Frameworks */ = {
			isa = PBXShellScriptBuildPhase;
			buildActionMask = 2147483647;
			files = (
			);
			inputPaths = (
			);
			name = "[CP] Embed Pods Frameworks";
			outputPaths = (
			);
			runOnlyForDeploymentPostprocessing = 0;
			shellPath = /bin/sh;
			shellScript = "\"${SRCROOT}/Pods/Target Support Files/Pods-Groby Poznanskie API/Pods-Groby Poznanskie API-frameworks.sh\"\n";
			showEnvVarsInLog = 0;
		};
/* End PBXShellScriptBuildPhase section */

/* Begin PBXSourcesBuildPhase section */
		A37E800F1EC5EF12003F1781 /* Sources */ = {
			isa = PBXSourcesBuildPhase;
			buildActionMask = 2147483647;
			files = (
				A34A1E6B1EDEF05600E96FE7 /* RealmManagement.swift in Sources */,
				A37E80291EC5FB6E003F1781 /* RestConsumction.swift in Sources */,
				A37E802B1EC5FC8F003F1781 /* GraveModel.swift in Sources */,
				A37E80191EC5EF12003F1781 /* ViewController.swift in Sources */,
				A37E80301EC62BFF003F1781 /* GraveTableViewCell.swift in Sources */,
				A37E80331EC63ABA003F1781 /* GraveDetailsViewController.swift in Sources */,
				A37E80171EC5EF12003F1781 /* AppDelegate.swift in Sources */,
			);
			runOnlyForDeploymentPostprocessing = 0;
		};
/* End PBXSourcesBuildPhase section */

/* Begin PBXVariantGroup section */
		A37E801A1EC5EF12003F1781 /* Main.storyboard */ = {
			isa = PBXVariantGroup;
			children = (
				A37E801B1EC5EF12003F1781 /* Base */,
				A3A929681EE80422001000D8 /* pl */,
			);
			name = Main.storyboard;
			sourceTree = "<group>";
		};
		A37E801F1EC5EF12003F1781 /* LaunchScreen.storyboard */ = {
			isa = PBXVariantGroup;
			children = (
				A37E80201EC5EF12003F1781 /* Base */,
				A3A929691EE80422001000D8 /* pl */,
			);
			name = LaunchScreen.storyboard;
			sourceTree = "<group>";
		};
		A3A9296C1EE804A0001000D8 /* Localizable.strings */ = {
			isa = PBXVariantGroup;
			children = (
				A3A9296B1EE804A0001000D8 /* pl */,
				A3A9296E1EE804C2001000D8 /* Base */,
			);
			name = Localizable.strings;
			sourceTree = "<group>";
		};
		A3A929721EE80C1B001000D8 /* Info.plist */ = {
			isa = PBXVariantGroup;
			children = (
				A3A929711EE80C1B001000D8 /* Base */,
			);
			name = Info.plist;
			sourceTree = "<group>";
		};
/* End PBXVariantGroup section */

/* Begin XCBuildConfiguration section */
		A37E80231EC5EF12003F1781 /* Debug */ = {
			isa = XCBuildConfiguration;
			buildSettings = {
				ALWAYS_SEARCH_USER_PATHS = NO;
				CLANG_ANALYZER_LOCALIZABILITY_NONLOCALIZED = YES;
				CLANG_ANALYZER_NONNULL = YES;
				CLANG_CXX_LANGUAGE_STANDARD = "gnu++0x";
				CLANG_CXX_LIBRARY = "libc++";
				CLANG_ENABLE_MODULES = YES;
				CLANG_ENABLE_OBJC_ARC = YES;
				CLANG_WARN_BOOL_CONVERSION = YES;
				CLANG_WARN_CONSTANT_CONVERSION = YES;
				CLANG_WARN_DIRECT_OBJC_ISA_USAGE = YES_ERROR;
				CLANG_WARN_DOCUMENTATION_COMMENTS = YES;
				CLANG_WARN_EMPTY_BODY = YES;
				CLANG_WARN_ENUM_CONVERSION = YES;
				CLANG_WARN_INFINITE_RECURSION = YES;
				CLANG_WARN_INT_CONVERSION = YES;
				CLANG_WARN_OBJC_ROOT_CLASS = YES_ERROR;
				CLANG_WARN_SUSPICIOUS_MOVE = YES;
				CLANG_WARN_UNREACHABLE_CODE = YES;
				CLANG_WARN__DUPLICATE_METHOD_MATCH = YES;
				"CODE_SIGN_IDENTITY[sdk=iphoneos*]" = "iPhone Developer";
				COPY_PHASE_STRIP = NO;
				DEBUG_INFORMATION_FORMAT = dwarf;
				ENABLE_STRICT_OBJC_MSGSEND = YES;
				ENABLE_TESTABILITY = YES;
				GCC_C_LANGUAGE_STANDARD = gnu99;
				GCC_DYNAMIC_NO_PIC = NO;
				GCC_NO_COMMON_BLOCKS = YES;
				GCC_OPTIMIZATION_LEVEL = 0;
				GCC_PREPROCESSOR_DEFINITIONS = (
					"DEBUG=1",
					"$(inherited)",
				);
				GCC_WARN_64_TO_32_BIT_CONVERSION = YES;
				GCC_WARN_ABOUT_RETURN_TYPE = YES_ERROR;
				GCC_WARN_UNDECLARED_SELECTOR = YES;
				GCC_WARN_UNINITIALIZED_AUTOS = YES_AGGRESSIVE;
				GCC_WARN_UNUSED_FUNCTION = YES;
				GCC_WARN_UNUSED_VARIABLE = YES;
				IPHONEOS_DEPLOYMENT_TARGET = 10.2;
				MTL_ENABLE_DEBUG_INFO = YES;
				ONLY_ACTIVE_ARCH = YES;
				SDKROOT = iphoneos;
				SWIFT_ACTIVE_COMPILATION_CONDITIONS = DEBUG;
				SWIFT_OPTIMIZATION_LEVEL = "-Onone";
				TARGETED_DEVICE_FAMILY = "1,2";
			};
			name = Debug;
		};
		A37E80241EC5EF12003F1781 /* Release */ = {
			isa = XCBuildConfiguration;
			buildSettings = {
				ALWAYS_SEARCH_USER_PATHS = NO;
				CLANG_ANALYZER_LOCALIZABILITY_NONLOCALIZED = YES;
				CLANG_ANALYZER_NONNULL = YES;
				CLANG_CXX_LANGUAGE_STANDARD = "gnu++0x";
				CLANG_CXX_LIBRARY = "libc++";
				CLANG_ENABLE_MODULES = YES;
				CLANG_ENABLE_OBJC_ARC = YES;
				CLANG_WARN_BOOL_CONVERSION = YES;
				CLANG_WARN_CONSTANT_CONVERSION = YES;
				CLANG_WARN_DIRECT_OBJC_ISA_USAGE = YES_ERROR;
				CLANG_WARN_DOCUMENTATION_COMMENTS = YES;
				CLANG_WARN_EMPTY_BODY = YES;
				CLANG_WARN_ENUM_CONVERSION = YES;
				CLANG_WARN_INFINITE_RECURSION = YES;
				CLANG_WARN_INT_CONVERSION = YES;
				CLANG_WARN_OBJC_ROOT_CLASS = YES_ERROR;
				CLANG_WARN_SUSPICIOUS_MOVE = YES;
				CLANG_WARN_UNREACHABLE_CODE = YES;
				CLANG_WARN__DUPLICATE_METHOD_MATCH = YES;
				"CODE_SIGN_IDENTITY[sdk=iphoneos*]" = "iPhone Developer";
				COPY_PHASE_STRIP = NO;
				DEBUG_INFORMATION_FORMAT = "dwarf-with-dsym";
				ENABLE_NS_ASSERTIONS = NO;
				ENABLE_STRICT_OBJC_MSGSEND = YES;
				GCC_C_LANGUAGE_STANDARD = gnu99;
				GCC_NO_COMMON_BLOCKS = YES;
				GCC_WARN_64_TO_32_BIT_CONVERSION = YES;
				GCC_WARN_ABOUT_RETURN_TYPE = YES_ERROR;
				GCC_WARN_UNDECLARED_SELECTOR = YES;
				GCC_WARN_UNINITIALIZED_AUTOS = YES_AGGRESSIVE;
				GCC_WARN_UNUSED_FUNCTION = YES;
				GCC_WARN_UNUSED_VARIABLE = YES;
				IPHONEOS_DEPLOYMENT_TARGET = 10.2;
				MTL_ENABLE_DEBUG_INFO = NO;
				SDKROOT = iphoneos;
				SWIFT_OPTIMIZATION_LEVEL = "-Owholemodule";
				TARGETED_DEVICE_FAMILY = "1,2";
				VALIDATE_PRODUCT = YES;
			};
			name = Release;
		};
		A37E80261EC5EF12003F1781 /* Debug */ = {
			isa = XCBuildConfiguration;
			baseConfigurationReference = 6995A4A45BC1FA41F459B0DB /* Pods-Groby Poznanskie API.debug.xcconfig */;
			buildSettings = {
				ASSETCATALOG_COMPILER_APPICON_NAME = AppIcon;
				DEVELOPMENT_TEAM = 7KM42EHCAN;
				INFOPLIST_FILE = "Groby Poznanskie API/Info.plist";
				LD_RUNPATH_SEARCH_PATHS = "$(inherited) @executable_path/Frameworks";
				PRODUCT_BUNDLE_IDENTIFIER = "com.karolmajka.Groby-Poznanskie-API";
				PRODUCT_NAME = "$(TARGET_NAME)";
				SWIFT_VERSION = 3.0;
			};
			name = Debug;
		};
		A37E80271EC5EF12003F1781 /* Release */ = {
			isa = XCBuildConfiguration;
			baseConfigurationReference = CB2B18A459D5B7601BC018F1 /* Pods-Groby Poznanskie API.release.xcconfig */;
			buildSettings = {
				ASSETCATALOG_COMPILER_APPICON_NAME = AppIcon;
				DEVELOPMENT_TEAM = 7KM42EHCAN;
				INFOPLIST_FILE = "Groby Poznanskie API/Info.plist";
				LD_RUNPATH_SEARCH_PATHS = "$(inherited) @executable_path/Frameworks";
				PRODUCT_BUNDLE_IDENTIFIER = "com.karolmajka.Groby-Poznanskie-API";
				PRODUCT_NAME = "$(TARGET_NAME)";
				SWIFT_VERSION = 3.0;
			};
			name = Release;
		};
/* End XCBuildConfiguration section */

/* Begin XCConfigurationList section */
		A37E800E1EC5EF12003F1781 /* Build configuration list for PBXProject "Groby Poznanskie API" */ = {
			isa = XCConfigurationList;
			buildConfigurations = (
				A37E80231EC5EF12003F1781 /* Debug */,
				A37E80241EC5EF12003F1781 /* Release */,
			);
			defaultConfigurationIsVisible = 0;
			defaultConfigurationName = Release;
		};
		A37E80251EC5EF12003F1781 /* Build configuration list for PBXNativeTarget "Groby Poznanskie API" */ = {
			isa = XCConfigurationList;
			buildConfigurations = (
				A37E80261EC5EF12003F1781 /* Debug */,
				A37E80271EC5EF12003F1781 /* Release */,
			);
			defaultConfigurationIsVisible = 0;
			defaultConfigurationName = Release;
		};
/* End XCConfigurationList section */
	};
	rootObject = A37E800B1EC5EF12003F1781 /* Project object */;
}
